
Microsoft Visual Studio Solution File, Format Version 12.00
# Visual Studio 15
VisualStudioVersion = 15.0.27130.2027
MinimumVisualStudioVersion = 10.0.40219.1
Project("{FAE04EC0-301F-11D3-BF4B-00C04F79EFBC}") = "Routing2", "Routing2\Routing2.csproj", "{27461122-0750-4E26-A9B2-F84DE32978A7}"
EndProject
Project("{FAE04EC0-301F-11D3-BF4B-00C04F79EFBC}") = "BandInfo", "BandInfo\BandInfo.csproj", "{6C796999-4E75-4124-876E-B8C0922857B1}"
EndProject
Global
	GlobalSection(SolutionConfigurationPlatforms) = preSolution
		Debug|Any CPU = Debug|Any CPU
		Release|Any CPU = Release|Any CPU
	EndGlobalSection
	GlobalSection(ProjectConfigurationPlatforms) = postSolution
		{27461122-0750-4E26-A9B2-F84DE32978A7}.Debug|Any CPU.ActiveCfg = Debug|Any CPU
		{27461122-0750-4E26-A9B2-F84DE32978A7}.Debug|Any CPU.Build.0 = Debug|Any CPU
		{27461122-0750-4E26-A9B2-F84DE32978A7}.Release|Any CPU.ActiveCfg = Release|Any CPU
		{27461122-0750-4E26-A9B2-F84DE32978A7}.Release|Any CPU.Build.0 = Release|Any CPU
		{6C796999-4E75-4124-876E-B8C0922857B1}.Debug|Any CPU.ActiveCfg = Debug|Any CPU
		{6C796999-4E75-4124-876E-B8C0922857B1}.Debug|Any CPU.Build.0 = Debug|Any CPU
		{6C796999-4E75-4124-876E-B8C0922857B1}.Release|Any CPU.ActiveCfg = Release|Any CPU
		{6C796999-4E75-4124-876E-B8C0922857B1}.Release|Any CPU.Build.0 = Release|Any CPU
	EndGlobalSection
	GlobalSection(SolutionProperties) = preSolution
		HideSolutionNode = FALSE
	EndGlobalSection
	GlobalSection(ExtensibilityGlobals) = postSolution
		SolutionGuid = {3356D527-5164-47B0-AB40-AF47BB669396}
	EndGlobalSection
EndGlobal
